
Microsoft Visual Studio Solution File, Format Version 12.00
# Visual Studio Version 16
VisualStudioVersion = 16.0.30204.135
MinimumVisualStudioVersion = 10.0.40219.1
Project("{FAE04EC0-301F-11D3-BF4B-00C04F79EFBC}") = "Sum_Evens", "Sum_Evens\Sum_Evens.csproj", "{7BFC17CC-1BE2-4BE6-8150-8728E2395E8F}"
EndProject
Global
	GlobalSection(SolutionConfigurationPlatforms) = preSolution
		Debug|Any CPU = Debug|Any CPU
		Release|Any CPU = Release|Any CPU
	EndGlobalSection
	GlobalSection(ProjectConfigurationPlatforms) = postSolution
		{7BFC17CC-1BE2-4BE6-8150-8728E2395E8F}.Debug|Any CPU.ActiveCfg = Debug|Any CPU
		{7BFC17CC-1BE2-4BE6-8150-8728E2395E8F}.Debug|Any CPU.Build.0 = Debug|Any CPU
		{7BFC17CC-1BE2-4BE6-8150-8728E2395E8F}.Release|Any CPU.ActiveCfg = Release|Any CPU
		{7BFC17CC-1BE2-4BE6-8150-8728E2395E8F}.Release|Any CPU.Build.0 = Release|Any CPU
	EndGlobalSection
	GlobalSection(SolutionProperties) = preSolution
		HideSolutionNode = FALSE
	EndGlobalSection
	GlobalSection(ExtensibilityGlobals) = postSolution
		SolutionGuid = {10BE81FE-16B7-4B67-AA0D-77A5DE8A7B3D}
	EndGlobalSection
EndGlobal
